
Microsoft Visual Studio Solution File, Format Version 12.00
# Visual Studio Version 16
VisualStudioVersion = 16.0.30114.105
MinimumVisualStudioVersion = 10.0.40219.1
Project("{FAE04EC0-301F-11D3-BF4B-00C04F79EFBC}") = "VaraniumSharp.Oidc", "VaraniumSharp.Oidc\VaraniumSharp.Oidc.csproj", "{2E80F69D-360E-4C20-9E33-6858D46CAA54}"
EndProject
Project("{FAE04EC0-301F-11D3-BF4B-00C04F79EFBC}") = "VaraniumSharp.Oidc.Tests", "VaraniumSharp.Oidc.Tests\VaraniumSharp.Oidc.Tests.csproj", "{6B3CEFDB-950C-47B6-8094-275A78091CE7}"
EndProject
Global
	GlobalSection(SolutionConfigurationPlatforms) = preSolution
		Debug|Any CPU = Debug|Any CPU
		Release|Any CPU = Release|Any CPU
	EndGlobalSection
	GlobalSection(SolutionProperties) = preSolution
		HideSolutionNode = FALSE
	EndGlobalSection
	GlobalSection(ProjectConfigurationPlatforms) = postSolution
		{2E80F69D-360E-4C20-9E33-6858D46CAA54}.Debug|Any CPU.ActiveCfg = Debug|Any CPU
		{2E80F69D-360E-4C20-9E33-6858D46CAA54}.Debug|Any CPU.Build.0 = Debug|Any CPU
		{2E80F69D-360E-4C20-9E33-6858D46CAA54}.Release|Any CPU.ActiveCfg = Release|Any CPU
		{2E80F69D-360E-4C20-9E33-6858D46CAA54}.Release|Any CPU.Build.0 = Release|Any CPU
		{6B3CEFDB-950C-47B6-8094-275A78091CE7}.Debug|Any CPU.ActiveCfg = Debug|Any CPU
		{6B3CEFDB-950C-47B6-8094-275A78091CE7}.Debug|Any CPU.Build.0 = Debug|Any CPU
		{6B3CEFDB-950C-47B6-8094-275A78091CE7}.Release|Any CPU.ActiveCfg = Release|Any CPU
		{6B3CEFDB-950C-47B6-8094-275A78091CE7}.Release|Any CPU.Build.0 = Release|Any CPU
	EndGlobalSection
EndGlobal
